
Microsoft Visual Studio Solution File, Format Version 12.00
# Visual Studio 15
VisualStudioVersion = 15.0.27703.2042
MinimumVisualStudioVersion = 10.0.40219.1
Project("{FAE04EC0-301F-11D3-BF4B-00C04F79EFBC}") = "Source", "Source\Source.csproj", "{A091E6E7-33A4-465F-827B-0B64A8682463}"
EndProject
Global
	GlobalSection(SolutionConfigurationPlatforms) = preSolution
		Debug|Any CPU = Debug|Any CPU
		Release|Any CPU = Release|Any CPU
	EndGlobalSection
	GlobalSection(ProjectConfigurationPlatforms) = postSolution
		{A091E6E7-33A4-465F-827B-0B64A8682463}.Debug|Any CPU.ActiveCfg = Debug|Any CPU
		{A091E6E7-33A4-465F-827B-0B64A8682463}.Debug|Any CPU.Build.0 = Debug|Any CPU
		{A091E6E7-33A4-465F-827B-0B64A8682463}.Release|Any CPU.ActiveCfg = Release|Any CPU
		{A091E6E7-33A4-465F-827B-0B64A8682463}.Release|Any CPU.Build.0 = Release|Any CPU
	EndGlobalSection
	GlobalSection(SolutionProperties) = preSolution
		HideSolutionNode = FALSE
	EndGlobalSection
	GlobalSection(ExtensibilityGlobals) = postSolution
		SolutionGuid = {347FF322-A900-419D-BA51-E8EF076D985A}
	EndGlobalSection
EndGlobal
